{
    "_readme": [
        "This file locks the dependencies of your project to a known state",
        "Read more about it at https://getcomposer.org/doc/01-basic-usage.md#composer-lock-the-lock-file",
        "This file is @generated automatically"
    ],
    "content-hash": "a08ee20ec045ce9c423196f51229e22e",
    "packages": [
        {
            "name": "fullstackpe/micro",
            "version": "1.1.0",
            "source": {
                "type": "git",
                "url": "https://github.com/marcomilon/micro.git",
                "reference": "3c93584281aa4e96ae5218e102379493a070dcad"
            },
            "require": {
                "fullstackpe/micro-db": "^1.0",
                "php": ">=7.0.0"
            },
            "require-dev": {
                "atoum/atoum": "^3.2"
            },
            "type": "library",
            "autoload": {
                "psr-4": {
                    "micro\\": "src"
                }
            },
            "license": [
                "MIT"
            ],
            "authors": [
                {
                    "name": "Marco Milon",
                    "email": "marco.milon@gmail.com",
                    "homepage": "https://www.fullstack.pe"
                }
            ],
            "description": "Poor little php framework",
            "keywords": [
                "framework"
            ],
            "time": "2017-12-20T21:31:33+00:00"
        },
        {
            "name": "fullstackpe/micro-db",
            "version": "1.0.0",
            "source": {
                "type": "git",
                "url": "https://github.com/marcomilon/micro-db.git",
                "reference": "e3d641f0b8cf76e8d3e08cafc439d024e7d2b460"
            },
            "dist": {
                "type": "zip",
                "url": "https://api.github.com/repos/marcomilon/micro-db/zipball/e3d641f0b8cf76e8d3e08cafc439d024e7d2b460",
                "reference": "e3d641f0b8cf76e8d3e08cafc439d024e7d2b460",
                "shasum": ""
            },
            "require": {
                "php": ">=7.0.0"
            },
            "require-dev": {
                "atoum/atoum": "^3.2"
            },
            "type": "library",
            "autoload": {
                "psr-4": {
                    "micro\\": "src"
                }
            },
            "notification-url": "https://packagist.org/downloads/",
            "license": [
                "MIT"
            ],
            "authors": [
                {
                    "name": "Marco Milon",
                    "email": "marco.milon@gmail.com",
                    "homepage": "https://github.com/marcomilon"
                }
            ],
            "description": "Simple orm library",
            "keywords": [
                "orm"
            ],
            "time": "2017-12-19T20:04:40+00:00"
        }
    ],
    "packages-dev": [],
    "aliases": [],
    "minimum-stability": "stable",
    "stability-flags": [],
    "prefer-stable": false,
    "prefer-lowest": false,
    "platform": [],
    "platform-dev": []
}
