{
    "_readme": [
        "This file locks the dependencies of your project to a known state",
        "Read more about it at https://getcomposer.org/doc/01-basic-usage.md#composer-lock-the-lock-file",
        "This file is @generated automatically"
    ],
    "content-hash": "13885115581ce0ac49a4317117c24886",
    "packages": [
        {
            "name": "fullstackpe/micro",
            "version": "1.1.3",
            "source": {
                "type": "git",
                "url": "https://github.com/marcomilon/micro.git",
                "reference": "384e518a32012dd4b4c9540b508e95473717b61e"
            },
            "require": {
                "fullstackpe/micro-db": "^1.0",
                "fullstackpe/micro-form": "@dev",
                "php": ">=7.0.0"
            },
            "require-dev": {
                "atoum/atoum": "^3.2"
            },
            "type": "library",
            "autoload": {
                "psr-4": {
                    "micro\\": "src"
                }
            },
            "license": [
                "MIT"
            ],
            "authors": [
                {
                    "name": "Marco Milon",
                    "email": "marco.milon@gmail.com",
                    "homepage": "https://www.fullstack.pe"
                }
            ],
            "description": "Lightweight MVC framework",
            "keywords": [
                "framework"
            ],
            "time": "2018-01-12T19:20:04+00:00"
        },
        {
            "name": "fullstackpe/micro-db",
            "version": "1.0.0",
            "source": {
                "type": "git",
                "url": "https://github.com/marcomilon/micro-db.git",
                "reference": "e3d641f0b8cf76e8d3e08cafc439d024e7d2b460"
            },
            "dist": {
                "type": "zip",
                "url": "https://api.github.com/repos/marcomilon/micro-db/zipball/e3d641f0b8cf76e8d3e08cafc439d024e7d2b460",
                "reference": "e3d641f0b8cf76e8d3e08cafc439d024e7d2b460",
                "shasum": ""
            },
            "require": {
                "php": ">=7.0.0"
            },
            "require-dev": {
                "atoum/atoum": "^3.2"
            },
            "type": "library",
            "autoload": {
                "psr-4": {
                    "micro\\": "src"
                }
            },
            "notification-url": "https://packagist.org/downloads/",
            "license": [
                "MIT"
            ],
            "authors": [
                {
                    "name": "Marco Milon",
                    "email": "marco.milon@gmail.com",
                    "homepage": "https://github.com/marcomilon"
                }
            ],
            "description": "Simple orm library",
            "keywords": [
                "orm"
            ],
            "time": "2017-12-19T20:04:40+00:00"
        },
        {
            "name": "fullstackpe/micro-form",
            "version": "dev-master",
            "source": {
                "type": "git",
                "url": "https://github.com/marcomilon/micro-form.git",
                "reference": "83097a7a8cc54b390e76cdc3312840621a3736ec"
            },
            "require": {
                "php": ">=7.0.0"
            },
            "require-dev": {
                "atoum/atoum": "^3.2"
            },
            "type": "library",
            "autoload": {
                "psr-4": {
                    "micro\\": "src"
                }
            },
            "license": [
                "MIT"
            ],
            "authors": [
                {
                    "name": "Marco Milon",
                    "email": "marco.milon@gmail.com",
                    "homepage": "https://github.com/marcomilon"
                }
            ],
            "description": "Form builder",
            "keywords": [
                "form builder"
            ],
            "time": "2018-01-15T16:56:48+00:00"
        }
    ],
    "packages-dev": [],
    "aliases": [],
    "minimum-stability": "stable",
    "stability-flags": {
        "fullstackpe/micro-form": 20
    },
    "prefer-stable": false,
    "prefer-lowest": false,
    "platform": [],
    "platform-dev": []
}
