{
    "_readme": [
        "This file locks the dependencies of your project to a known state",
        "Read more about it at https://getcomposer.org/doc/01-basic-usage.md#composer-lock-the-lock-file",
        "This file is @generated automatically"
    ],
    "content-hash": "93e6211ca2e017064808f1193270a1a8",
    "packages": [
        {
            "name": "fullstackpe/micro",
            "version": "dev-dev",
            "source": {
                "type": "git",
                "url": "https://github.com/marcomilon/micro.git",
                "reference": "085b3dff238053d44330dd28c3e1a910b70c662b"
            },
            "require": {
                "fullstackpe/micro-db": "^1.0",
                "fullstackpe/micro-form": "@dev",
                "php": ">=7.0.0"
            },
            "require-dev": {
                "atoum/atoum": "^3.2"
            },
            "type": "library",
            "autoload": {
                "psr-4": {
                    "micro\\": "src"
                }
            },
            "license": [
                "MIT"
            ],
            "authors": [
                {
                    "name": "Marco Milon",
                    "email": "marco.milon@gmail.com",
                    "homepage": "https://www.fullstack.pe"
                }
            ],
            "description": "Poor little php framework",
            "keywords": [
                "framework"
            ],
            "time": "2017-12-22T22:32:26+00:00"
        },
        {
            "name": "fullstackpe/micro-db",
            "version": "1.0.0",
            "source": {
                "type": "git",
                "url": "https://github.com/marcomilon/micro-db.git",
                "reference": "e3d641f0b8cf76e8d3e08cafc439d024e7d2b460"
            },
            "dist": {
                "type": "zip",
                "url": "https://api.github.com/repos/marcomilon/micro-db/zipball/e3d641f0b8cf76e8d3e08cafc439d024e7d2b460",
                "reference": "e3d641f0b8cf76e8d3e08cafc439d024e7d2b460",
                "shasum": ""
            },
            "require": {
                "php": ">=7.0.0"
            },
            "require-dev": {
                "atoum/atoum": "^3.2"
            },
            "type": "library",
            "autoload": {
                "psr-4": {
                    "micro\\": "src"
                }
            },
            "notification-url": "https://packagist.org/downloads/",
            "license": [
                "MIT"
            ],
            "authors": [
                {
                    "name": "Marco Milon",
                    "email": "marco.milon@gmail.com",
                    "homepage": "https://github.com/marcomilon"
                }
            ],
            "description": "Simple orm library",
            "keywords": [
                "orm"
            ],
            "time": "2017-12-19T20:04:40+00:00"
        },
        {
            "name": "fullstackpe/micro-form",
            "version": "dev-master",
            "source": {
                "type": "git",
                "url": "https://github.com/marcomilon/micro-form.git",
                "reference": "5fafb0b02192d068948b55843fd4a128e339ef06"
            },
            "require": {
                "php": ">=7.0.0"
            },
            "require-dev": {
                "atoum/atoum": "^3.2"
            },
            "type": "library",
            "autoload": {
                "psr-4": {
                    "micro\\": "src"
                }
            },
            "license": [
                "MIT"
            ],
            "authors": [
                {
                    "name": "Marco Milon",
                    "email": "marco.milon@gmail.com",
                    "homepage": "https://github.com/marcomilon"
                }
            ],
            "description": "Form builder",
            "keywords": [
                "form builder"
            ],
            "time": "2017-12-22T21:56:32+00:00"
        }
    ],
    "packages-dev": [],
    "aliases": [],
    "minimum-stability": "stable",
    "stability-flags": {
        "fullstackpe/micro": 20,
        "fullstackpe/micro-form": 20
    },
    "prefer-stable": false,
    "prefer-lowest": false,
    "platform": [],
    "platform-dev": []
}
