# This file is autogenerated, do not edit; changes may be undone by the next 'dep ensure'.


[[projects]]
  branch = "master"
  digest = "1:89df516e4ec36be36c4ccc661f2e9007ccb13d4e970e3b7e9c96e87fe4ceb5ba"
  name = "github.com/jcelliott/lumber"
  packages = ["."]
  pruneopts = "UT"
  revision = "dd349441af25132d146d7095c6693a15431fc9b1"

[[projects]]
  branch = "master"
  digest = "1:4085fab6ad148702fb359c14d5602201d6bd9c3b8dd4162a2fd15a4e9dab3ad1"
  name = "github.com/nanobox-io/golang-scribble"
  packages = ["."]
  pruneopts = "UT"
  revision = "336beac0a992ed9abaf4ef8e7042ba7fe3335c06"

[solve-meta]
  analyzer-name = "dep"
  analyzer-version = 1
  input-imports = ["github.com/nanobox-io/golang-scribble"]
  solver-name = "gps-cdcl"
  solver-version = 1
